// !$*UTF8*$!
{
	archiveVersion = 1;
	classes = {
	};
	objectVersion = 50;
	objects = {

/* Begin PBXBuildFile section */
		3C0AB1652632F18E001C6869 /* FriendsVC.swift in Sources */ = {isa = PBXBuildFile; fileRef = 3C0AB1642632F18E001C6869 /* FriendsVC.swift */; };
		3C0AB1682632F1A2001C6869 /* ProfileVC.swift in Sources */ = {isa = PBXBuildFile; fileRef = 3C0AB1672632F1A2001C6869 /* ProfileVC.swift */; };
		3C0AB16C2632F7C1001C6869 /* Extensions+UIViewController.swift in Sources */ = {isa = PBXBuildFile; fileRef = 3C0AB16B2632F7C1001C6869 /* Extensions+UIViewController.swift */; };
		3C0AB16F2632F864001C6869 /* ChattingVC.swift in Sources */ = {isa = PBXBuildFile; fileRef = 3C0AB16E2632F864001C6869 /* ChattingVC.swift */; };
		3C0AB1722632F8B9001C6869 /* SearchVC.swift in Sources */ = {isa = PBXBuildFile; fileRef = 3C0AB1712632F8B9001C6869 /* SearchVC.swift */; };
		3C0AB1752632F912001C6869 /* ShoppingVC.swift in Sources */ = {isa = PBXBuildFile; fileRef = 3C0AB1742632F912001C6869 /* ShoppingVC.swift */; };
		3C0AB1782632F969001C6869 /* PlusVC.swift in Sources */ = {isa = PBXBuildFile; fileRef = 3C0AB1772632F969001C6869 /* PlusVC.swift */; };
		3C0AB17D2632FF69001C6869 /* TabbarController.swift in Sources */ = {isa = PBXBuildFile; fileRef = 3C0AB17C2632FF69001C6869 /* TabbarController.swift */; };
		3CA67C0B261BFD4B0090962B /* AppDelegate.swift in Sources */ = {isa = PBXBuildFile; fileRef = 3CA67C0A261BFD4B0090962B /* AppDelegate.swift */; };
		3CA67C0D261BFD4B0090962B /* SceneDelegate.swift in Sources */ = {isa = PBXBuildFile; fileRef = 3CA67C0C261BFD4B0090962B /* SceneDelegate.swift */; };
		3CA67C0F261BFD4B0090962B /* ViewController.swift in Sources */ = {isa = PBXBuildFile; fileRef = 3CA67C0E261BFD4B0090962B /* ViewController.swift */; };
		3CA67C12261BFD4B0090962B /* Main.storyboard in Resources */ = {isa = PBXBuildFile; fileRef = 3CA67C10261BFD4B0090962B /* Main.storyboard */; };
		3CA67C14261BFD4D0090962B /* Assets.xcassets in Resources */ = {isa = PBXBuildFile; fileRef = 3CA67C13261BFD4D0090962B /* Assets.xcassets */; };
		3CA67C17261BFD4D0090962B /* LaunchScreen.storyboard in Resources */ = {isa = PBXBuildFile; fileRef = 3CA67C15261BFD4D0090962B /* LaunchScreen.storyboard */; };
		3CA67C20261C00360090962B /* SignUpVC.swift in Sources */ = {isa = PBXBuildFile; fileRef = 3CA67C1F261C00360090962B /* SignUpVC.swift */; };
		3CA67C23261C00820090962B /* ConfirmVC.swift in Sources */ = {isa = PBXBuildFile; fileRef = 3CA67C22261C00820090962B /* ConfirmVC.swift */; };
		3CE583CC2632743D00CC76BD /* Tabbar.storyboard in Resources */ = {isa = PBXBuildFile; fileRef = 3CE583CB2632743D00CC76BD /* Tabbar.storyboard */; };
		3CE583D52632767900CC76BD /* Friends.storyboard in Resources */ = {isa = PBXBuildFile; fileRef = 3CE583D42632767900CC76BD /* Friends.storyboard */; };
		3CE583D82632768000CC76BD /* Chatting.storyboard in Resources */ = {isa = PBXBuildFile; fileRef = 3CE583D72632768000CC76BD /* Chatting.storyboard */; };
		3CE583DB2632768700CC76BD /* Search.storyboard in Resources */ = {isa = PBXBuildFile; fileRef = 3CE583DA2632768700CC76BD /* Search.storyboard */; };
		3CE583DE2632769000CC76BD /* Shopping.storyboard in Resources */ = {isa = PBXBuildFile; fileRef = 3CE583DD2632769000CC76BD /* Shopping.storyboard */; };
		3CE583E12632769700CC76BD /* Plus.storyboard in Resources */ = {isa = PBXBuildFile; fileRef = 3CE583E02632769700CC76BD /* Plus.storyboard */; };
/* End PBXBuildFile section */

/* Begin PBXFileReference section */
		3C0AB1642632F18E001C6869 /* FriendsVC.swift */ = {isa = PBXFileReference; lastKnownFileType = sourcecode.swift; path = FriendsVC.swift; sourceTree = "<group>"; };
		3C0AB1672632F1A2001C6869 /* ProfileVC.swift */ = {isa = PBXFileReference; lastKnownFileType = sourcecode.swift; path = ProfileVC.swift; sourceTree = "<group>"; };
		3C0AB16B2632F7C1001C6869 /* Extensions+UIViewController.swift */ = {isa = PBXFileReference; lastKnownFileType = sourcecode.swift; path = "Extensions+UIViewController.swift"; sourceTree = "<group>"; };
		3C0AB16E2632F864001C6869 /* ChattingVC.swift */ = {isa = PBXFileReference; lastKnownFileType = sourcecode.swift; path = ChattingVC.swift; sourceTree = "<group>"; };
		3C0AB1712632F8B9001C6869 /* SearchVC.swift */ = {isa = PBXFileReference; lastKnownFileType = sourcecode.swift; path = SearchVC.swift; sourceTree = "<group>"; };
		3C0AB1742632F912001C6869 /* ShoppingVC.swift */ = {isa = PBXFileReference; lastKnownFileType = sourcecode.swift; path = ShoppingVC.swift; sourceTree = "<group>"; };
		3C0AB1772632F969001C6869 /* PlusVC.swift */ = {isa = PBXFileReference; lastKnownFileType = sourcecode.swift; path = PlusVC.swift; sourceTree = "<group>"; };
		3C0AB17C2632FF69001C6869 /* TabbarController.swift */ = {isa = PBXFileReference; lastKnownFileType = sourcecode.swift; path = TabbarController.swift; sourceTree = "<group>"; };
		3CA67C07261BFD4B0090962B /* mission-1.app */ = {isa = PBXFileReference; explicitFileType = wrapper.application; includeInIndex = 0; path = "mission-1.app"; sourceTree = BUILT_PRODUCTS_DIR; };
		3CA67C0A261BFD4B0090962B /* AppDelegate.swift */ = {isa = PBXFileReference; lastKnownFileType = sourcecode.swift; path = AppDelegate.swift; sourceTree = "<group>"; };
		3CA67C0C261BFD4B0090962B /* SceneDelegate.swift */ = {isa = PBXFileReference; lastKnownFileType = sourcecode.swift; path = SceneDelegate.swift; sourceTree = "<group>"; };
		3CA67C0E261BFD4B0090962B /* ViewController.swift */ = {isa = PBXFileReference; lastKnownFileType = sourcecode.swift; path = ViewController.swift; sourceTree = "<group>"; };
		3CA67C11261BFD4B0090962B /* Base */ = {isa = PBXFileReference; lastKnownFileType = file.storyboard; name = Base; path = Base.lproj/Main.storyboard; sourceTree = "<group>"; };
		3CA67C13261BFD4D0090962B /* Assets.xcassets */ = {isa = PBXFileReference; lastKnownFileType = folder.assetcatalog; path = Assets.xcassets; sourceTree = "<group>"; };
		3CA67C16261BFD4D0090962B /* Base */ = {isa = PBXFileReference; lastKnownFileType = file.storyboard; name = Base; path = Base.lproj/LaunchScreen.storyboard; sourceTree = "<group>"; };
		3CA67C18261BFD4D0090962B /* Info.plist */ = {isa = PBXFileReference; lastKnownFileType = text.plist.xml; path = Info.plist; sourceTree = "<group>"; };
		3CA67C1F261C00360090962B /* SignUpVC.swift */ = {isa = PBXFileReference; lastKnownFileType = sourcecode.swift; path = SignUpVC.swift; sourceTree = "<group>"; };
		3CA67C22261C00820090962B /* ConfirmVC.swift */ = {isa = PBXFileReference; lastKnownFileType = sourcecode.swift; path = ConfirmVC.swift; sourceTree = "<group>"; };
		3CE583CB2632743D00CC76BD /* Tabbar.storyboard */ = {isa = PBXFileReference; lastKnownFileType = file.storyboard; path = Tabbar.storyboard; sourceTree = "<group>"; };
		3CE583D42632767900CC76BD /* Friends.storyboard */ = {isa = PBXFileReference; lastKnownFileType = file.storyboard; path = Friends.storyboard; sourceTree = "<group>"; };
		3CE583D72632768000CC76BD /* Chatting.storyboard */ = {isa = PBXFileReference; lastKnownFileType = file.storyboard; path = Chatting.storyboard; sourceTree = "<group>"; };
		3CE583DA2632768700CC76BD /* Search.storyboard */ = {isa = PBXFileReference; lastKnownFileType = file.storyboard; path = Search.storyboard; sourceTree = "<group>"; };
		3CE583DD2632769000CC76BD /* Shopping.storyboard */ = {isa = PBXFileReference; lastKnownFileType = file.storyboard; path = Shopping.storyboard; sourceTree = "<group>"; };
		3CE583E02632769700CC76BD /* Plus.storyboard */ = {isa = PBXFileReference; lastKnownFileType = file.storyboard; path = Plus.storyboard; sourceTree = "<group>"; };
/* End PBXFileReference section */

/* Begin PBXFrameworksBuildPhase section */
		3CA67C04261BFD4B0090962B /* Frameworks */ = {
			isa = PBXFrameworksBuildPhase;
			buildActionMask = 2147483647;
			files = (
			);
			runOnlyForDeploymentPostprocessing = 0;
		};
/* End PBXFrameworksBuildPhase section */

/* Begin PBXGroup section */
		3C0AB16A2632F769001C6869 /* Extensions */ = {
			isa = PBXGroup;
			children = (
				3C0AB16B2632F7C1001C6869 /* Extensions+UIViewController.swift */,
			);
			path = Extensions;
			sourceTree = "<group>";
		};
		3C0AB17A2632FB7D001C6869 /* LoginScene */ = {
			isa = PBXGroup;
			children = (
				3CA67C0E261BFD4B0090962B /* ViewController.swift */,
				3CA67C10261BFD4B0090962B /* Main.storyboard */,
				3CA67C22261C00820090962B /* ConfirmVC.swift */,
				3CA67C1F261C00360090962B /* SignUpVC.swift */,
			);
			path = LoginScene;
			sourceTree = "<group>";
		};
		3CA67BFE261BFD4B0090962B = {
			isa = PBXGroup;
			children = (
				3CA67C09261BFD4B0090962B /* mission-1 */,
				3CA67C08261BFD4B0090962B /* Products */,
			);
			sourceTree = "<group>";
		};
		3CA67C08261BFD4B0090962B /* Products */ = {
			isa = PBXGroup;
			children = (
				3CA67C07261BFD4B0090962B /* mission-1.app */,
			);
			name = Products;
			sourceTree = "<group>";
		};
		3CA67C09261BFD4B0090962B /* mission-1 */ = {
			isa = PBXGroup;
			children = (
				3C0AB17A2632FB7D001C6869 /* LoginScene */,
				3C0AB16A2632F769001C6869 /* Extensions */,
				3CE583D22632751700CC76BD /* PlusScene */,
				3CE583D12632750700CC76BD /* ShoppingScene */,
				3CE583D0263274F300CC76BD /* SearchScene */,
				3CE583CF263274DD00CC76BD /* ChattingScene */,
				3CE583CE2632749F00CC76BD /* FriendsScene */,
				3CE583C9263273D600CC76BD /* TabbarScene */,
				3CA67C0A261BFD4B0090962B /* AppDelegate.swift */,
				3CA67C0C261BFD4B0090962B /* SceneDelegate.swift */,
				3CA67C13261BFD4D0090962B /* Assets.xcassets */,
				3CA67C15261BFD4D0090962B /* LaunchScreen.storyboard */,
				3CA67C18261BFD4D0090962B /* Info.plist */,
			);
			path = "mission-1";
			sourceTree = "<group>";
		};
		3CE583C9263273D600CC76BD /* TabbarScene */ = {
			isa = PBXGroup;
			children = (
				3CE583CB2632743D00CC76BD /* Tabbar.storyboard */,
				3C0AB17C2632FF69001C6869 /* TabbarController.swift */,
			);
			path = TabbarScene;
			sourceTree = "<group>";
		};
		3CE583CE2632749F00CC76BD /* FriendsScene */ = {
			isa = PBXGroup;
			children = (
				3CE583D42632767900CC76BD /* Friends.storyboard */,
				3C0AB1642632F18E001C6869 /* FriendsVC.swift */,
				3C0AB1672632F1A2001C6869 /* ProfileVC.swift */,
			);
			path = FriendsScene;
			sourceTree = "<group>";
		};
		3CE583CF263274DD00CC76BD /* ChattingScene */ = {
			isa = PBXGroup;
			children = (
				3CE583D72632768000CC76BD /* Chatting.storyboard */,
				3C0AB16E2632F864001C6869 /* ChattingVC.swift */,
			);
			path = ChattingScene;
			sourceTree = "<group>";
		};
		3CE583D0263274F300CC76BD /* SearchScene */ = {
			isa = PBXGroup;
			children = (
				3CE583DA2632768700CC76BD /* Search.storyboard */,
				3C0AB1712632F8B9001C6869 /* SearchVC.swift */,
			);
			path = SearchScene;
			sourceTree = "<group>";
		};
		3CE583D12632750700CC76BD /* ShoppingScene */ = {
			isa = PBXGroup;
			children = (
				3CE583DD2632769000CC76BD /* Shopping.storyboard */,
				3C0AB1742632F912001C6869 /* ShoppingVC.swift */,
			);
			path = ShoppingScene;
			sourceTree = "<group>";
		};
		3CE583D22632751700CC76BD /* PlusScene */ = {
			isa = PBXGroup;
			children = (
				3CE583E02632769700CC76BD /* Plus.storyboard */,
				3C0AB1772632F969001C6869 /* PlusVC.swift */,
			);
			path = PlusScene;
			sourceTree = "<group>";
		};
/* End PBXGroup section */

/* Begin PBXNativeTarget section */
		3CA67C06261BFD4B0090962B /* mission-1 */ = {
			isa = PBXNativeTarget;
			buildConfigurationList = 3CA67C1B261BFD4D0090962B /* Build configuration list for PBXNativeTarget "mission-1" */;
			buildPhases = (
				3CA67C03261BFD4B0090962B /* Sources */,
				3CA67C04261BFD4B0090962B /* Frameworks */,
				3CA67C05261BFD4B0090962B /* Resources */,
			);
			buildRules = (
			);
			dependencies = (
			);
			name = "mission-1";
			productName = "mission-1";
			productReference = 3CA67C07261BFD4B0090962B /* mission-1.app */;
			productType = "com.apple.product-type.application";
		};
/* End PBXNativeTarget section */

/* Begin PBXProject section */
		3CA67BFF261BFD4B0090962B /* Project object */ = {
			isa = PBXProject;
			attributes = {
				LastSwiftUpdateCheck = 1240;
				LastUpgradeCheck = 1240;
				TargetAttributes = {
					3CA67C06261BFD4B0090962B = {
						CreatedOnToolsVersion = 12.4;
					};
				};
			};
			buildConfigurationList = 3CA67C02261BFD4B0090962B /* Build configuration list for PBXProject "mission-1" */;
			compatibilityVersion = "Xcode 9.3";
			developmentRegion = en;
			hasScannedForEncodings = 0;
			knownRegions = (
				en,
				Base,
			);
			mainGroup = 3CA67BFE261BFD4B0090962B;
			productRefGroup = 3CA67C08261BFD4B0090962B /* Products */;
			projectDirPath = "";
			projectRoot = "";
			targets = (
				3CA67C06261BFD4B0090962B /* mission-1 */,
			);
		};
/* End PBXProject section */

/* Begin PBXResourcesBuildPhase section */
		3CA67C05261BFD4B0090962B /* Resources */ = {
			isa = PBXResourcesBuildPhase;
			buildActionMask = 2147483647;
			files = (
				3CE583D82632768000CC76BD /* Chatting.storyboard in Resources */,
				3CE583E12632769700CC76BD /* Plus.storyboard in Resources */,
				3CE583CC2632743D00CC76BD /* Tabbar.storyboard in Resources */,
				3CE583DE2632769000CC76BD /* Shopping.storyboard in Resources */,
				3CE583D52632767900CC76BD /* Friends.storyboard in Resources */,
				3CA67C17261BFD4D0090962B /* LaunchScreen.storyboard in Resources */,
				3CE583DB2632768700CC76BD /* Search.storyboard in Resources */,
				3CA67C14261BFD4D0090962B /* Assets.xcassets in Resources */,
				3CA67C12261BFD4B0090962B /* Main.storyboard in Resources */,
			);
			runOnlyForDeploymentPostprocessing = 0;
		};
/* End PBXResourcesBuildPhase section */

/* Begin PBXSourcesBuildPhase section */
		3CA67C03261BFD4B0090962B /* Sources */ = {
			isa = PBXSourcesBuildPhase;
			buildActionMask = 2147483647;
			files = (
				3CA67C23261C00820090962B /* ConfirmVC.swift in Sources */,
				3C0AB1752632F912001C6869 /* ShoppingVC.swift in Sources */,
				3CA67C20261C00360090962B /* SignUpVC.swift in Sources */,
				3C0AB17D2632FF69001C6869 /* TabbarController.swift in Sources */,
				3C0AB1682632F1A2001C6869 /* ProfileVC.swift in Sources */,
				3C0AB1652632F18E001C6869 /* FriendsVC.swift in Sources */,
				3C0AB16C2632F7C1001C6869 /* Extensions+UIViewController.swift in Sources */,
				3CA67C0F261BFD4B0090962B /* ViewController.swift in Sources */,
				3C0AB1722632F8B9001C6869 /* SearchVC.swift in Sources */,
				3C0AB1782632F969001C6869 /* PlusVC.swift in Sources */,
				3CA67C0B261BFD4B0090962B /* AppDelegate.swift in Sources */,
				3C0AB16F2632F864001C6869 /* ChattingVC.swift in Sources */,
				3CA67C0D261BFD4B0090962B /* SceneDelegate.swift in Sources */,
			);
			runOnlyForDeploymentPostprocessing = 0;
		};
/* End PBXSourcesBuildPhase section */

/* Begin PBXVariantGroup section */
		3CA67C10261BFD4B0090962B /* Main.storyboard */ = {
			isa = PBXVariantGroup;
			children = (
				3CA67C11261BFD4B0090962B /* Base */,
			);
			name = Main.storyboard;
			sourceTree = "<group>";
		};
		3CA67C15261BFD4D0090962B /* LaunchScreen.storyboard */ = {
			isa = PBXVariantGroup;
			children = (
				3CA67C16261BFD4D0090962B /* Base */,
			);
			name = LaunchScreen.storyboard;
			sourceTree = "<group>";
		};
/* End PBXVariantGroup section */

/* Begin XCBuildConfiguration section */
		3CA67C19261BFD4D0090962B /* Debug */ = {
			isa = XCBuildConfiguration;
			buildSettings = {
				ALWAYS_SEARCH_USER_PATHS = NO;
				CLANG_ANALYZER_NONNULL = YES;
				CLANG_ANALYZER_NUMBER_OBJECT_CONVERSION = YES_AGGRESSIVE;
				CLANG_CXX_LANGUAGE_STANDARD = "gnu++14";
				CLANG_CXX_LIBRARY = "libc++";
				CLANG_ENABLE_MODULES = YES;
				CLANG_ENABLE_OBJC_ARC = YES;
				CLANG_ENABLE_OBJC_WEAK = YES;
				CLANG_WARN_BLOCK_CAPTURE_AUTORELEASING = YES;
				CLANG_WARN_BOOL_CONVERSION = YES;
				CLANG_WARN_COMMA = YES;
				CLANG_WARN_CONSTANT_CONVERSION = YES;
				CLANG_WARN_DEPRECATED_OBJC_IMPLEMENTATIONS = YES;
				CLANG_WARN_DIRECT_OBJC_ISA_USAGE = YES_ERROR;
				CLANG_WARN_DOCUMENTATION_COMMENTS = YES;
				CLANG_WARN_EMPTY_BODY = YES;
				CLANG_WARN_ENUM_CONVERSION = YES;
				CLANG_WARN_INFINITE_RECURSION = YES;
				CLANG_WARN_INT_CONVERSION = YES;
				CLANG_WARN_NON_LITERAL_NULL_CONVERSION = YES;
				CLANG_WARN_OBJC_IMPLICIT_RETAIN_SELF = YES;
				CLANG_WARN_OBJC_LITERAL_CONVERSION = YES;
				CLANG_WARN_OBJC_ROOT_CLASS = YES_ERROR;
				CLANG_WARN_QUOTED_INCLUDE_IN_FRAMEWORK_HEADER = YES;
				CLANG_WARN_RANGE_LOOP_ANALYSIS = YES;
				CLANG_WARN_STRICT_PROTOTYPES = YES;
				CLANG_WARN_SUSPICIOUS_MOVE = YES;
				CLANG_WARN_UNGUARDED_AVAILABILITY = YES_AGGRESSIVE;
				CLANG_WARN_UNREACHABLE_CODE = YES;
				CLANG_WARN__DUPLICATE_METHOD_MATCH = YES;
				COPY_PHASE_STRIP = NO;
				DEBUG_INFORMATION_FORMAT = dwarf;
				ENABLE_STRICT_OBJC_MSGSEND = YES;
				ENABLE_TESTABILITY = YES;
				GCC_C_LANGUAGE_STANDARD = gnu11;
				GCC_DYNAMIC_NO_PIC = NO;
				GCC_NO_COMMON_BLOCKS = YES;
				GCC_OPTIMIZATION_LEVEL = 0;
				GCC_PREPROCESSOR_DEFINITIONS = (
					"DEBUG=1",
					"$(inherited)",
				);
				GCC_WARN_64_TO_32_BIT_CONVERSION = YES;
				GCC_WARN_ABOUT_RETURN_TYPE = YES_ERROR;
				GCC_WARN_UNDECLARED_SELECTOR = YES;
				GCC_WARN_UNINITIALIZED_AUTOS = YES_AGGRESSIVE;
				GCC_WARN_UNUSED_FUNCTION = YES;
				GCC_WARN_UNUSED_VARIABLE = YES;
				IPHONEOS_DEPLOYMENT_TARGET = 14.4;
				MTL_ENABLE_DEBUG_INFO = INCLUDE_SOURCE;
				MTL_FAST_MATH = YES;
				ONLY_ACTIVE_ARCH = YES;
				SDKROOT = iphoneos;
				SWIFT_ACTIVE_COMPILATION_CONDITIONS = DEBUG;
				SWIFT_OPTIMIZATION_LEVEL = "-Onone";
			};
			name = Debug;
		};
		3CA67C1A261BFD4D0090962B /* Release */ = {
			isa = XCBuildConfiguration;
			buildSettings = {
				ALWAYS_SEARCH_USER_PATHS = NO;
				CLANG_ANALYZER_NONNULL = YES;
				CLANG_ANALYZER_NUMBER_OBJECT_CONVERSION = YES_AGGRESSIVE;
				CLANG_CXX_LANGUAGE_STANDARD = "gnu++14";
				CLANG_CXX_LIBRARY = "libc++";
				CLANG_ENABLE_MODULES = YES;
				CLANG_ENABLE_OBJC_ARC = YES;
				CLANG_ENABLE_OBJC_WEAK = YES;
				CLANG_WARN_BLOCK_CAPTURE_AUTORELEASING = YES;
				CLANG_WARN_BOOL_CONVERSION = YES;
				CLANG_WARN_COMMA = YES;
				CLANG_WARN_CONSTANT_CONVERSION = YES;
				CLANG_WARN_DEPRECATED_OBJC_IMPLEMENTATIONS = YES;
				CLANG_WARN_DIRECT_OBJC_ISA_USAGE = YES_ERROR;
				CLANG_WARN_DOCUMENTATION_COMMENTS = YES;
				CLANG_WARN_EMPTY_BODY = YES;
				CLANG_WARN_ENUM_CONVERSION = YES;
				CLANG_WARN_INFINITE_RECURSION = YES;
				CLANG_WARN_INT_CONVERSION = YES;
				CLANG_WARN_NON_LITERAL_NULL_CONVERSION = YES;
				CLANG_WARN_OBJC_IMPLICIT_RETAIN_SELF = YES;
				CLANG_WARN_OBJC_LITERAL_CONVERSION = YES;
				CLANG_WARN_OBJC_ROOT_CLASS = YES_ERROR;
				CLANG_WARN_QUOTED_INCLUDE_IN_FRAMEWORK_HEADER = YES;
				CLANG_WARN_RANGE_LOOP_ANALYSIS = YES;
				CLANG_WARN_STRICT_PROTOTYPES = YES;
				CLANG_WARN_SUSPICIOUS_MOVE = YES;
				CLANG_WARN_UNGUARDED_AVAILABILITY = YES_AGGRESSIVE;
				CLANG_WARN_UNREACHABLE_CODE = YES;
				CLANG_WARN__DUPLICATE_METHOD_MATCH = YES;
				COPY_PHASE_STRIP = NO;
				DEBUG_INFORMATION_FORMAT = "dwarf-with-dsym";
				ENABLE_NS_ASSERTIONS = NO;
				ENABLE_STRICT_OBJC_MSGSEND = YES;
				GCC_C_LANGUAGE_STANDARD = gnu11;
				GCC_NO_COMMON_BLOCKS = YES;
				GCC_WARN_64_TO_32_BIT_CONVERSION = YES;
				GCC_WARN_ABOUT_RETURN_TYPE = YES_ERROR;
				GCC_WARN_UNDECLARED_SELECTOR = YES;
				GCC_WARN_UNINITIALIZED_AUTOS = YES_AGGRESSIVE;
				GCC_WARN_UNUSED_FUNCTION = YES;
				GCC_WARN_UNUSED_VARIABLE = YES;
				IPHONEOS_DEPLOYMENT_TARGET = 14.4;
				MTL_ENABLE_DEBUG_INFO = NO;
				MTL_FAST_MATH = YES;
				SDKROOT = iphoneos;
				SWIFT_COMPILATION_MODE = wholemodule;
				SWIFT_OPTIMIZATION_LEVEL = "-O";
				VALIDATE_PRODUCT = YES;
			};
			name = Release;
		};
		3CA67C1C261BFD4D0090962B /* Debug */ = {
			isa = XCBuildConfiguration;
			buildSettings = {
				ASSETCATALOG_COMPILER_APPICON_NAME = AppIcon;
				ASSETCATALOG_COMPILER_GLOBAL_ACCENT_COLOR_NAME = AccentColor;
				CODE_SIGN_STYLE = Automatic;
				DEVELOPMENT_TEAM = J8A843466G;
				INFOPLIST_FILE = "mission-1/Info.plist";
				LD_RUNPATH_SEARCH_PATHS = (
					"$(inherited)",
					"@executable_path/Frameworks",
				);
				PRODUCT_BUNDLE_IDENTIFIER = "net.hryeong.mission-1";
				PRODUCT_NAME = "$(TARGET_NAME)";
				SWIFT_VERSION = 5.0;
				TARGETED_DEVICE_FAMILY = "1,2";
			};
			name = Debug;
		};
		3CA67C1D261BFD4D0090962B /* Release */ = {
			isa = XCBuildConfiguration;
			buildSettings = {
				ASSETCATALOG_COMPILER_APPICON_NAME = AppIcon;
				ASSETCATALOG_COMPILER_GLOBAL_ACCENT_COLOR_NAME = AccentColor;
				CODE_SIGN_STYLE = Automatic;
				DEVELOPMENT_TEAM = J8A843466G;
				INFOPLIST_FILE = "mission-1/Info.plist";
				LD_RUNPATH_SEARCH_PATHS = (
					"$(inherited)",
					"@executable_path/Frameworks",
				);
				PRODUCT_BUNDLE_IDENTIFIER = "net.hryeong.mission-1";
				PRODUCT_NAME = "$(TARGET_NAME)";
				SWIFT_VERSION = 5.0;
				TARGETED_DEVICE_FAMILY = "1,2";
			};
			name = Release;
		};
/* End XCBuildConfiguration section */

/* Begin XCConfigurationList section */
		3CA67C02261BFD4B0090962B /* Build configuration list for PBXProject "mission-1" */ = {
			isa = XCConfigurationList;
			buildConfigurations = (
				3CA67C19261BFD4D0090962B /* Debug */,
				3CA67C1A261BFD4D0090962B /* Release */,
			);
			defaultConfigurationIsVisible = 0;
			defaultConfigurationName = Release;
		};
		3CA67C1B261BFD4D0090962B /* Build configuration list for PBXNativeTarget "mission-1" */ = {
			isa = XCConfigurationList;
			buildConfigurations = (
				3CA67C1C261BFD4D0090962B /* Debug */,
				3CA67C1D261BFD4D0090962B /* Release */,
			);
			defaultConfigurationIsVisible = 0;
			defaultConfigurationName = Release;
		};
/* End XCConfigurationList section */
	};
	rootObject = 3CA67BFF261BFD4B0090962B /* Project object */;
}
